
Microsoft Visual Studio Solution File, Format Version 12.00
# Visual Studio Version 17
VisualStudioVersion = 17.2.32519.379
MinimumVisualStudioVersion = 10.0.40219.1
Project("{FAE04EC0-301F-11D3-BF4B-00C04F79EFBC}") = "DataAccess", "DataAccess\DataAccess.csproj", "{0A9E6620-DFB2-4910-AF07-9878F1666E63}"
EndProject
Project("{FAE04EC0-301F-11D3-BF4B-00C04F79EFBC}") = "Business", "Business\Business.csproj", "{E3A88641-6119-46BC-A5E1-7BD720E1F440}"
EndProject
Project("{FAE04EC0-301F-11D3-BF4B-00C04F79EFBC}") = "Entities", "Entities\Entities.csproj", "{8891E577-3390-4305-82F2-FD34D8E8E10D}"
EndProject
Project("{FAE04EC0-301F-11D3-BF4B-00C04F79EFBC}") = "ConsolUI", "ConsolUI\ConsolUI.csproj", "{03831F34-0AB2-463D-B89F-56767626A0ED}"
EndProject
Global
	GlobalSection(SolutionConfigurationPlatforms) = preSolution
		Debug|Any CPU = Debug|Any CPU
		Release|Any CPU = Release|Any CPU
	EndGlobalSection
	GlobalSection(ProjectConfigurationPlatforms) = postSolution
		{0A9E6620-DFB2-4910-AF07-9878F1666E63}.Debug|Any CPU.ActiveCfg = Debug|Any CPU
		{0A9E6620-DFB2-4910-AF07-9878F1666E63}.Debug|Any CPU.Build.0 = Debug|Any CPU
		{0A9E6620-DFB2-4910-AF07-9878F1666E63}.Release|Any CPU.ActiveCfg = Release|Any CPU
		{0A9E6620-DFB2-4910-AF07-9878F1666E63}.Release|Any CPU.Build.0 = Release|Any CPU
		{E3A88641-6119-46BC-A5E1-7BD720E1F440}.Debug|Any CPU.ActiveCfg = Debug|Any CPU
		{E3A88641-6119-46BC-A5E1-7BD720E1F440}.Debug|Any CPU.Build.0 = Debug|Any CPU
		{E3A88641-6119-46BC-A5E1-7BD720E1F440}.Release|Any CPU.ActiveCfg = Release|Any CPU
		{E3A88641-6119-46BC-A5E1-7BD720E1F440}.Release|Any CPU.Build.0 = Release|Any CPU
		{8891E577-3390-4305-82F2-FD34D8E8E10D}.Debug|Any CPU.ActiveCfg = Debug|Any CPU
		{8891E577-3390-4305-82F2-FD34D8E8E10D}.Debug|Any CPU.Build.0 = Debug|Any CPU
		{8891E577-3390-4305-82F2-FD34D8E8E10D}.Release|Any CPU.ActiveCfg = Release|Any CPU
		{8891E577-3390-4305-82F2-FD34D8E8E10D}.Release|Any CPU.Build.0 = Release|Any CPU
		{03831F34-0AB2-463D-B89F-56767626A0ED}.Debug|Any CPU.ActiveCfg = Debug|Any CPU
		{03831F34-0AB2-463D-B89F-56767626A0ED}.Debug|Any CPU.Build.0 = Debug|Any CPU
		{03831F34-0AB2-463D-B89F-56767626A0ED}.Release|Any CPU.ActiveCfg = Release|Any CPU
		{03831F34-0AB2-463D-B89F-56767626A0ED}.Release|Any CPU.Build.0 = Release|Any CPU
	EndGlobalSection
	GlobalSection(SolutionProperties) = preSolution
		HideSolutionNode = FALSE
	EndGlobalSection
	GlobalSection(ExtensibilityGlobals) = postSolution
		SolutionGuid = {8EEBF768-0706-46DE-86B7-6E334979200E}
	EndGlobalSection
EndGlobal
